
Microsoft Visual Studio Solution File, Format Version 12.00
# Visual Studio 14
VisualStudioVersion = 14.0.25420.1
MinimumVisualStudioVersion = 10.0.40219.1
Project("{FAE04EC0-301F-11D3-BF4B-00C04F79EFBC}") = "AbtFramework", "AbtFramework\AbtFramework.csproj", "{A5CBB4D9-38E0-4D92-B7B4-CFC66E61EB21}"
EndProject
Project("{FAE04EC0-301F-11D3-BF4B-00C04F79EFBC}") = "abtTest", "abtTest\abtTest.csproj", "{DF992B9E-4FDB-4837-976F-C06D4A405C16}"
EndProject
Project("{FAE04EC0-301F-11D3-BF4B-00C04F79EFBC}") = "TestRunner", "TestRunner\TestRunner.csproj", "{B3A4D71D-9F23-4D1D-8BDE-3B1C20320EF1}"
EndProject
Project("{FAE04EC0-301F-11D3-BF4B-00C04F79EFBC}") = "XmlTransformer", "XmlTransformer\XmlTransformer.csproj", "{DC5DB4EB-9AA6-4084-BA04-F83AE352B85D}"
EndProject
Global
	GlobalSection(SolutionConfigurationPlatforms) = preSolution
		Debug|Any CPU = Debug|Any CPU
		Debug|x86 = Debug|x86
		Release|Any CPU = Release|Any CPU
		Release|x86 = Release|x86
	EndGlobalSection
	GlobalSection(ProjectConfigurationPlatforms) = postSolution
		{A5CBB4D9-38E0-4D92-B7B4-CFC66E61EB21}.Debug|Any CPU.ActiveCfg = Debug|Any CPU
		{A5CBB4D9-38E0-4D92-B7B4-CFC66E61EB21}.Debug|Any CPU.Build.0 = Debug|Any CPU
		{A5CBB4D9-38E0-4D92-B7B4-CFC66E61EB21}.Debug|x86.ActiveCfg = Debug|Any CPU
		{A5CBB4D9-38E0-4D92-B7B4-CFC66E61EB21}.Debug|x86.Build.0 = Debug|Any CPU
		{A5CBB4D9-38E0-4D92-B7B4-CFC66E61EB21}.Release|Any CPU.ActiveCfg = Release|x86
		{A5CBB4D9-38E0-4D92-B7B4-CFC66E61EB21}.Release|x86.ActiveCfg = Release|x86
		{A5CBB4D9-38E0-4D92-B7B4-CFC66E61EB21}.Release|x86.Build.0 = Release|x86
		{DF992B9E-4FDB-4837-976F-C06D4A405C16}.Debug|Any CPU.ActiveCfg = Debug|Any CPU
		{DF992B9E-4FDB-4837-976F-C06D4A405C16}.Debug|Any CPU.Build.0 = Debug|Any CPU
		{DF992B9E-4FDB-4837-976F-C06D4A405C16}.Debug|x86.ActiveCfg = Debug|Any CPU
		{DF992B9E-4FDB-4837-976F-C06D4A405C16}.Debug|x86.Build.0 = Debug|Any CPU
		{DF992B9E-4FDB-4837-976F-C06D4A405C16}.Release|Any CPU.ActiveCfg = Release|Any CPU
		{DF992B9E-4FDB-4837-976F-C06D4A405C16}.Release|Any CPU.Build.0 = Release|Any CPU
		{DF992B9E-4FDB-4837-976F-C06D4A405C16}.Release|x86.ActiveCfg = Release|x86
		{DF992B9E-4FDB-4837-976F-C06D4A405C16}.Release|x86.Build.0 = Release|x86
		{B3A4D71D-9F23-4D1D-8BDE-3B1C20320EF1}.Debug|Any CPU.ActiveCfg = Debug|Any CPU
		{B3A4D71D-9F23-4D1D-8BDE-3B1C20320EF1}.Debug|Any CPU.Build.0 = Debug|Any CPU
		{B3A4D71D-9F23-4D1D-8BDE-3B1C20320EF1}.Debug|x86.ActiveCfg = Debug|Any CPU
		{B3A4D71D-9F23-4D1D-8BDE-3B1C20320EF1}.Debug|x86.Build.0 = Debug|Any CPU
		{B3A4D71D-9F23-4D1D-8BDE-3B1C20320EF1}.Release|Any CPU.ActiveCfg = Release|Any CPU
		{B3A4D71D-9F23-4D1D-8BDE-3B1C20320EF1}.Release|Any CPU.Build.0 = Release|Any CPU
		{B3A4D71D-9F23-4D1D-8BDE-3B1C20320EF1}.Release|x86.ActiveCfg = Release|x86
		{B3A4D71D-9F23-4D1D-8BDE-3B1C20320EF1}.Release|x86.Build.0 = Release|x86
		{DC5DB4EB-9AA6-4084-BA04-F83AE352B85D}.Debug|Any CPU.ActiveCfg = Debug|Any CPU
		{DC5DB4EB-9AA6-4084-BA04-F83AE352B85D}.Debug|Any CPU.Build.0 = Debug|Any CPU
		{DC5DB4EB-9AA6-4084-BA04-F83AE352B85D}.Debug|x86.ActiveCfg = Debug|Any CPU
		{DC5DB4EB-9AA6-4084-BA04-F83AE352B85D}.Debug|x86.Build.0 = Debug|Any CPU
		{DC5DB4EB-9AA6-4084-BA04-F83AE352B85D}.Release|Any CPU.ActiveCfg = Release|Any CPU
		{DC5DB4EB-9AA6-4084-BA04-F83AE352B85D}.Release|Any CPU.Build.0 = Release|Any CPU
		{DC5DB4EB-9AA6-4084-BA04-F83AE352B85D}.Release|x86.ActiveCfg = Release|x86
		{DC5DB4EB-9AA6-4084-BA04-F83AE352B85D}.Release|x86.Build.0 = Release|x86
	EndGlobalSection
	GlobalSection(SolutionProperties) = preSolution
		HideSolutionNode = FALSE
	EndGlobalSection
EndGlobal
